
Microsoft Visual Studio Solution File, Format Version 12.00
# Visual Studio Version 17
VisualStudioVersion = 17.13.35825.156 d17.13
MinimumVisualStudioVersion = 10.0.40219.1
Project("{FAE04EC0-301F-11D3-BF4B-00C04F79EFBC}") = "E-learning", "E-learning.csproj", "{25C8A760-9BC6-48A5-A499-279139482659}"
EndProject
Global
	GlobalSection(SolutionConfigurationPlatforms) = preSolution
		Debug|Any CPU = Debug|Any CPU
		Release|Any CPU = Release|Any CPU
	EndGlobalSection
	GlobalSection(ProjectConfigurationPlatforms) = postSolution
		{25C8A760-9BC6-48A5-A499-279139482659}.Debug|Any CPU.ActiveCfg = Debug|Any CPU
		{25C8A760-9BC6-48A5-A499-279139482659}.Debug|Any CPU.Build.0 = Debug|Any CPU
		{25C8A760-9BC6-48A5-A499-279139482659}.Release|Any CPU.ActiveCfg = Release|Any CPU
		{25C8A760-9BC6-48A5-A499-279139482659}.Release|Any CPU.Build.0 = Release|Any CPU
	EndGlobalSection
	GlobalSection(SolutionProperties) = preSolution
		HideSolutionNode = FALSE
	EndGlobalSection
	GlobalSection(ExtensibilityGlobals) = postSolution
		SolutionGuid = {05B2870F-C936-4EC8-9194-9BB8B1ADD923}
	EndGlobalSection
EndGlobal
